
Microsoft Visual Studio Solution File, Format Version 12.00
# Visual Studio 15
VisualStudioVersion = 15.0.27130.2003
MinimumVisualStudioVersion = 10.0.40219.1
Project("{FAE04EC0-301F-11D3-BF4B-00C04F79EFBC}") = "D.Spider.Console", "D.Spider.Console\D.Spider.Console.csproj", "{AC4EF672-6355-40C9-84EC-927144D61324}"
EndProject
Project("{FAE04EC0-301F-11D3-BF4B-00C04F79EFBC}") = "D.Spider.Core", "D.Spider.Core\D.Spider.Core.csproj", "{96D8A6C2-C50C-4961-9458-04EBED78CB69}"
EndProject
Project("{FAE04EC0-301F-11D3-BF4B-00C04F79EFBC}") = "D.NovelCrawl.Core", "D.NovelCrawl.Core\D.NovelCrawl.Core.csproj", "{3CB60C8B-FF67-4735-8B7F-70D698117DD2}"
EndProject
Project("{FAE04EC0-301F-11D3-BF4B-00C04F79EFBC}") = "D.NovelCrawl.Console", "D.NovelCrawl.Console\D.NovelCrawl.Console.csproj", "{11D6665F-FC34-4934-8F05-7355404C1BFA}"
EndProject
Project("{FAE04EC0-301F-11D3-BF4B-00C04F79EFBC}") = "D.Spider.CefDownloader", "D.Spider.CefDownloader\D.Spider.CefDownloader.csproj", "{C9E71634-CF18-48D6-BE39-3D0F8220BEB0}"
EndProject
Project("{2150E333-8FDC-42A3-9474-1A3956D46DE8}") = "Core", "Core", "{55AAFA33-059F-4C3C-9D52-AE9163231996}"
EndProject
Project("{2150E333-8FDC-42A3-9474-1A3956D46DE8}") = "Spider", "Spider", "{D0542631-B54D-460C-8942-F947A5535BD7}"
EndProject
Project("{2150E333-8FDC-42A3-9474-1A3956D46DE8}") = "NovelCrawl", "NovelCrawl", "{DF62B776-8472-4DA6-812F-70986AA7A56D}"
EndProject
Project("{2150E333-8FDC-42A3-9474-1A3956D46DE8}") = "Console", "Console", "{90D1597F-D74D-4FBE-A86B-455D46C5566F}"
EndProject
Project("{FAE04EC0-301F-11D3-BF4B-00C04F79EFBC}") = "D.Spider.SpiderScriptEngine", "D.Spider.SpiderScriptEngine\D.Spider.SpiderScriptEngine.csproj", "{00CAC10E-534F-49E8-A484-F927203195F7}"
EndProject
Project("{2150E333-8FDC-42A3-9474-1A3956D46DE8}") = "Util", "Util", "{00D94361-D8F4-4D30-8EAB-55CC320C6690}"
EndProject
Project("{FAE04EC0-301F-11D3-BF4B-00C04F79EFBC}") = "D.Util.RelationMap", "D.Util.RelationMap\D.Util.RelationMap.csproj", "{7634F563-1A28-4638-8600-E41138CCECD3}"
EndProject
Global
	GlobalSection(SolutionConfigurationPlatforms) = preSolution
		Debug|Any CPU = Debug|Any CPU
		Debug|x64 = Debug|x64
		Debug|x86 = Debug|x86
		Release|Any CPU = Release|Any CPU
		Release|x64 = Release|x64
		Release|x86 = Release|x86
	EndGlobalSection
	GlobalSection(ProjectConfigurationPlatforms) = postSolution
		{AC4EF672-6355-40C9-84EC-927144D61324}.Debug|Any CPU.ActiveCfg = Debug|Any CPU
		{AC4EF672-6355-40C9-84EC-927144D61324}.Debug|Any CPU.Build.0 = Debug|Any CPU
		{AC4EF672-6355-40C9-84EC-927144D61324}.Debug|x64.ActiveCfg = Debug|Any CPU
		{AC4EF672-6355-40C9-84EC-927144D61324}.Debug|x64.Build.0 = Debug|Any CPU
		{AC4EF672-6355-40C9-84EC-927144D61324}.Debug|x86.ActiveCfg = Debug|Any CPU
		{AC4EF672-6355-40C9-84EC-927144D61324}.Debug|x86.Build.0 = Debug|Any CPU
		{AC4EF672-6355-40C9-84EC-927144D61324}.Release|Any CPU.ActiveCfg = Release|Any CPU
		{AC4EF672-6355-40C9-84EC-927144D61324}.Release|Any CPU.Build.0 = Release|Any CPU
		{AC4EF672-6355-40C9-84EC-927144D61324}.Release|x64.ActiveCfg = Release|Any CPU
		{AC4EF672-6355-40C9-84EC-927144D61324}.Release|x64.Build.0 = Release|Any CPU
		{AC4EF672-6355-40C9-84EC-927144D61324}.Release|x86.ActiveCfg = Release|Any CPU
		{AC4EF672-6355-40C9-84EC-927144D61324}.Release|x86.Build.0 = Release|Any CPU
		{96D8A6C2-C50C-4961-9458-04EBED78CB69}.Debug|Any CPU.ActiveCfg = Debug|Any CPU
		{96D8A6C2-C50C-4961-9458-04EBED78CB69}.Debug|Any CPU.Build.0 = Debug|Any CPU
		{96D8A6C2-C50C-4961-9458-04EBED78CB69}.Debug|x64.ActiveCfg = Debug|Any CPU
		{96D8A6C2-C50C-4961-9458-04EBED78CB69}.Debug|x64.Build.0 = Debug|Any CPU
		{96D8A6C2-C50C-4961-9458-04EBED78CB69}.Debug|x86.ActiveCfg = Debug|Any CPU
		{96D8A6C2-C50C-4961-9458-04EBED78CB69}.Debug|x86.Build.0 = Debug|Any CPU
		{96D8A6C2-C50C-4961-9458-04EBED78CB69}.Release|Any CPU.ActiveCfg = Release|Any CPU
		{96D8A6C2-C50C-4961-9458-04EBED78CB69}.Release|Any CPU.Build.0 = Release|Any CPU
		{96D8A6C2-C50C-4961-9458-04EBED78CB69}.Release|x64.ActiveCfg = Release|Any CPU
		{96D8A6C2-C50C-4961-9458-04EBED78CB69}.Release|x64.Build.0 = Release|Any CPU
		{96D8A6C2-C50C-4961-9458-04EBED78CB69}.Release|x86.ActiveCfg = Release|Any CPU
		{96D8A6C2-C50C-4961-9458-04EBED78CB69}.Release|x86.Build.0 = Release|Any CPU
		{3CB60C8B-FF67-4735-8B7F-70D698117DD2}.Debug|Any CPU.ActiveCfg = Debug|Any CPU
		{3CB60C8B-FF67-4735-8B7F-70D698117DD2}.Debug|Any CPU.Build.0 = Debug|Any CPU
		{3CB60C8B-FF67-4735-8B7F-70D698117DD2}.Debug|x64.ActiveCfg = Debug|Any CPU
		{3CB60C8B-FF67-4735-8B7F-70D698117DD2}.Debug|x64.Build.0 = Debug|Any CPU
		{3CB60C8B-FF67-4735-8B7F-70D698117DD2}.Debug|x86.ActiveCfg = Debug|Any CPU
		{3CB60C8B-FF67-4735-8B7F-70D698117DD2}.Debug|x86.Build.0 = Debug|Any CPU
		{3CB60C8B-FF67-4735-8B7F-70D698117DD2}.Release|Any CPU.ActiveCfg = Release|Any CPU
		{3CB60C8B-FF67-4735-8B7F-70D698117DD2}.Release|Any CPU.Build.0 = Release|Any CPU
		{3CB60C8B-FF67-4735-8B7F-70D698117DD2}.Release|x64.ActiveCfg = Release|Any CPU
		{3CB60C8B-FF67-4735-8B7F-70D698117DD2}.Release|x64.Build.0 = Release|Any CPU
		{3CB60C8B-FF67-4735-8B7F-70D698117DD2}.Release|x86.ActiveCfg = Release|Any CPU
		{3CB60C8B-FF67-4735-8B7F-70D698117DD2}.Release|x86.Build.0 = Release|Any CPU
		{11D6665F-FC34-4934-8F05-7355404C1BFA}.Debug|Any CPU.ActiveCfg = Debug|Any CPU
		{11D6665F-FC34-4934-8F05-7355404C1BFA}.Debug|Any CPU.Build.0 = Debug|Any CPU
		{11D6665F-FC34-4934-8F05-7355404C1BFA}.Debug|x64.ActiveCfg = Debug|x64
		{11D6665F-FC34-4934-8F05-7355404C1BFA}.Debug|x64.Build.0 = Debug|x64
		{11D6665F-FC34-4934-8F05-7355404C1BFA}.Debug|x86.ActiveCfg = Debug|Any CPU
		{11D6665F-FC34-4934-8F05-7355404C1BFA}.Debug|x86.Build.0 = Debug|Any CPU
		{11D6665F-FC34-4934-8F05-7355404C1BFA}.Release|Any CPU.ActiveCfg = Release|Any CPU
		{11D6665F-FC34-4934-8F05-7355404C1BFA}.Release|Any CPU.Build.0 = Release|Any CPU
		{11D6665F-FC34-4934-8F05-7355404C1BFA}.Release|x64.ActiveCfg = Release|x64
		{11D6665F-FC34-4934-8F05-7355404C1BFA}.Release|x64.Build.0 = Release|x64
		{11D6665F-FC34-4934-8F05-7355404C1BFA}.Release|x86.ActiveCfg = Release|Any CPU
		{11D6665F-FC34-4934-8F05-7355404C1BFA}.Release|x86.Build.0 = Release|Any CPU
		{C9E71634-CF18-48D6-BE39-3D0F8220BEB0}.Debug|Any CPU.ActiveCfg = Debug|Any CPU
		{C9E71634-CF18-48D6-BE39-3D0F8220BEB0}.Debug|Any CPU.Build.0 = Debug|Any CPU
		{C9E71634-CF18-48D6-BE39-3D0F8220BEB0}.Debug|x64.ActiveCfg = Debug|x64
		{C9E71634-CF18-48D6-BE39-3D0F8220BEB0}.Debug|x64.Build.0 = Debug|x64
		{C9E71634-CF18-48D6-BE39-3D0F8220BEB0}.Debug|x86.ActiveCfg = Debug|Any CPU
		{C9E71634-CF18-48D6-BE39-3D0F8220BEB0}.Debug|x86.Build.0 = Debug|Any CPU
		{C9E71634-CF18-48D6-BE39-3D0F8220BEB0}.Release|Any CPU.ActiveCfg = Release|Any CPU
		{C9E71634-CF18-48D6-BE39-3D0F8220BEB0}.Release|Any CPU.Build.0 = Release|Any CPU
		{C9E71634-CF18-48D6-BE39-3D0F8220BEB0}.Release|x64.ActiveCfg = Release|x64
		{C9E71634-CF18-48D6-BE39-3D0F8220BEB0}.Release|x64.Build.0 = Release|x64
		{C9E71634-CF18-48D6-BE39-3D0F8220BEB0}.Release|x86.ActiveCfg = Release|Any CPU
		{C9E71634-CF18-48D6-BE39-3D0F8220BEB0}.Release|x86.Build.0 = Release|Any CPU
		{00CAC10E-534F-49E8-A484-F927203195F7}.Debug|Any CPU.ActiveCfg = Debug|Any CPU
		{00CAC10E-534F-49E8-A484-F927203195F7}.Debug|Any CPU.Build.0 = Debug|Any CPU
		{00CAC10E-534F-49E8-A484-F927203195F7}.Debug|x64.ActiveCfg = Debug|Any CPU
		{00CAC10E-534F-49E8-A484-F927203195F7}.Debug|x64.Build.0 = Debug|Any CPU
		{00CAC10E-534F-49E8-A484-F927203195F7}.Debug|x86.ActiveCfg = Debug|Any CPU
		{00CAC10E-534F-49E8-A484-F927203195F7}.Debug|x86.Build.0 = Debug|Any CPU
		{00CAC10E-534F-49E8-A484-F927203195F7}.Release|Any CPU.ActiveCfg = Release|Any CPU
		{00CAC10E-534F-49E8-A484-F927203195F7}.Release|Any CPU.Build.0 = Release|Any CPU
		{00CAC10E-534F-49E8-A484-F927203195F7}.Release|x64.ActiveCfg = Release|Any CPU
		{00CAC10E-534F-49E8-A484-F927203195F7}.Release|x64.Build.0 = Release|Any CPU
		{00CAC10E-534F-49E8-A484-F927203195F7}.Release|x86.ActiveCfg = Release|Any CPU
		{00CAC10E-534F-49E8-A484-F927203195F7}.Release|x86.Build.0 = Release|Any CPU
		{7634F563-1A28-4638-8600-E41138CCECD3}.Debug|Any CPU.ActiveCfg = Debug|Any CPU
		{7634F563-1A28-4638-8600-E41138CCECD3}.Debug|Any CPU.Build.0 = Debug|Any CPU
		{7634F563-1A28-4638-8600-E41138CCECD3}.Debug|x64.ActiveCfg = Debug|Any CPU
		{7634F563-1A28-4638-8600-E41138CCECD3}.Debug|x64.Build.0 = Debug|Any CPU
		{7634F563-1A28-4638-8600-E41138CCECD3}.Debug|x86.ActiveCfg = Debug|Any CPU
		{7634F563-1A28-4638-8600-E41138CCECD3}.Debug|x86.Build.0 = Debug|Any CPU
		{7634F563-1A28-4638-8600-E41138CCECD3}.Release|Any CPU.ActiveCfg = Release|Any CPU
		{7634F563-1A28-4638-8600-E41138CCECD3}.Release|Any CPU.Build.0 = Release|Any CPU
		{7634F563-1A28-4638-8600-E41138CCECD3}.Release|x64.ActiveCfg = Release|Any CPU
		{7634F563-1A28-4638-8600-E41138CCECD3}.Release|x64.Build.0 = Release|Any CPU
		{7634F563-1A28-4638-8600-E41138CCECD3}.Release|x86.ActiveCfg = Release|Any CPU
		{7634F563-1A28-4638-8600-E41138CCECD3}.Release|x86.Build.0 = Release|Any CPU
	EndGlobalSection
	GlobalSection(SolutionProperties) = preSolution
		HideSolutionNode = FALSE
	EndGlobalSection
	GlobalSection(NestedProjects) = preSolution
		{AC4EF672-6355-40C9-84EC-927144D61324} = {90D1597F-D74D-4FBE-A86B-455D46C5566F}
		{96D8A6C2-C50C-4961-9458-04EBED78CB69} = {D0542631-B54D-460C-8942-F947A5535BD7}
		{3CB60C8B-FF67-4735-8B7F-70D698117DD2} = {DF62B776-8472-4DA6-812F-70986AA7A56D}
		{11D6665F-FC34-4934-8F05-7355404C1BFA} = {90D1597F-D74D-4FBE-A86B-455D46C5566F}
		{C9E71634-CF18-48D6-BE39-3D0F8220BEB0} = {D0542631-B54D-460C-8942-F947A5535BD7}
		{D0542631-B54D-460C-8942-F947A5535BD7} = {55AAFA33-059F-4C3C-9D52-AE9163231996}
		{DF62B776-8472-4DA6-812F-70986AA7A56D} = {55AAFA33-059F-4C3C-9D52-AE9163231996}
		{00CAC10E-534F-49E8-A484-F927203195F7} = {D0542631-B54D-460C-8942-F947A5535BD7}
		{7634F563-1A28-4638-8600-E41138CCECD3} = {00D94361-D8F4-4D30-8EAB-55CC320C6690}
	EndGlobalSection
	GlobalSection(ExtensibilityGlobals) = postSolution
		SolutionGuid = {BC119623-235B-4A0E-B860-C122E34D27A3}
	EndGlobalSection
EndGlobal
