
Microsoft Visual Studio Solution File, Format Version 12.00
# Visual Studio 14
VisualStudioVersion = 14.0.25420.1
MinimumVisualStudioVersion = 10.0.40219.1
Project("{FAE04EC0-301F-11D3-BF4B-00C04F79EFBC}") = "D.Util", "D.Util\D.Util.csproj", "{573803C2-538A-4ED1-8A98-D990DCB83B9E}"
EndProject
Project("{FAE04EC0-301F-11D3-BF4B-00C04F79EFBC}") = "D.Util.Test", "D.Util.Test\D.Util.Test.csproj", "{BEC59D8F-D936-4908-ABF2-24A296FB3B2D}"
EndProject
Project("{FAE04EC0-301F-11D3-BF4B-00C04F79EFBC}") = "D.Spider.Console", "D.Spider.Console\D.Spider.Console.csproj", "{AC4EF672-6355-40C9-84EC-927144D61324}"
EndProject
Project("{FAE04EC0-301F-11D3-BF4B-00C04F79EFBC}") = "D.Spider.Core.Test", "D.Spider.Core.Test\D.Spider.Core.Test.csproj", "{3A643056-8765-4E8A-9AC8-5734A016870F}"
EndProject
Project("{FAE04EC0-301F-11D3-BF4B-00C04F79EFBC}") = "D.Spider.Core", "D.Spider.Core\D.Spider.Core.csproj", "{96D8A6C2-C50C-4961-9458-04EBED78CB69}"
EndProject
Project("{FAE04EC0-301F-11D3-BF4B-00C04F79EFBC}") = "D.Util.Logger.Console", "D.Util.Logger.Console\D.Util.Logger.Console.csproj", "{AC63C144-70F3-44FF-9650-B530654F7B8A}"
EndProject
Project("{FAE04EC0-301F-11D3-BF4B-00C04F79EFBC}") = "D.Util.Web", "D.Util.Web\D.Util.Web.csproj", "{D6F61554-7F08-486F-80CC-2015D0B40610}"
EndProject
Project("{FAE04EC0-301F-11D3-BF4B-00C04F79EFBC}") = "D.NovelCrawl.Core", "D.NovelCrawl.Core\D.NovelCrawl.Core.csproj", "{3CB60C8B-FF67-4735-8B7F-70D698117DD2}"
EndProject
Project("{FAE04EC0-301F-11D3-BF4B-00C04F79EFBC}") = "D.NovelCrawl.Console", "D.NovelCrawl.Console\D.NovelCrawl.Console.csproj", "{11D6665F-FC34-4934-8F05-7355404C1BFA}"
EndProject
Global
	GlobalSection(SolutionConfigurationPlatforms) = preSolution
		Debug|Any CPU = Debug|Any CPU
		Debug|x86 = Debug|x86
		Release|Any CPU = Release|Any CPU
		Release|x86 = Release|x86
	EndGlobalSection
	GlobalSection(ProjectConfigurationPlatforms) = postSolution
		{573803C2-538A-4ED1-8A98-D990DCB83B9E}.Debug|Any CPU.ActiveCfg = Debug|Any CPU
		{573803C2-538A-4ED1-8A98-D990DCB83B9E}.Debug|Any CPU.Build.0 = Debug|Any CPU
		{573803C2-538A-4ED1-8A98-D990DCB83B9E}.Debug|x86.ActiveCfg = Debug|Any CPU
		{573803C2-538A-4ED1-8A98-D990DCB83B9E}.Debug|x86.Build.0 = Debug|Any CPU
		{573803C2-538A-4ED1-8A98-D990DCB83B9E}.Release|Any CPU.ActiveCfg = Release|Any CPU
		{573803C2-538A-4ED1-8A98-D990DCB83B9E}.Release|Any CPU.Build.0 = Release|Any CPU
		{573803C2-538A-4ED1-8A98-D990DCB83B9E}.Release|x86.ActiveCfg = Release|Any CPU
		{573803C2-538A-4ED1-8A98-D990DCB83B9E}.Release|x86.Build.0 = Release|Any CPU
		{BEC59D8F-D936-4908-ABF2-24A296FB3B2D}.Debug|Any CPU.ActiveCfg = Debug|Any CPU
		{BEC59D8F-D936-4908-ABF2-24A296FB3B2D}.Debug|Any CPU.Build.0 = Debug|Any CPU
		{BEC59D8F-D936-4908-ABF2-24A296FB3B2D}.Debug|x86.ActiveCfg = Debug|Any CPU
		{BEC59D8F-D936-4908-ABF2-24A296FB3B2D}.Debug|x86.Build.0 = Debug|Any CPU
		{BEC59D8F-D936-4908-ABF2-24A296FB3B2D}.Release|Any CPU.ActiveCfg = Release|Any CPU
		{BEC59D8F-D936-4908-ABF2-24A296FB3B2D}.Release|Any CPU.Build.0 = Release|Any CPU
		{BEC59D8F-D936-4908-ABF2-24A296FB3B2D}.Release|x86.ActiveCfg = Release|Any CPU
		{BEC59D8F-D936-4908-ABF2-24A296FB3B2D}.Release|x86.Build.0 = Release|Any CPU
		{AC4EF672-6355-40C9-84EC-927144D61324}.Debug|Any CPU.ActiveCfg = Debug|Any CPU
		{AC4EF672-6355-40C9-84EC-927144D61324}.Debug|Any CPU.Build.0 = Debug|Any CPU
		{AC4EF672-6355-40C9-84EC-927144D61324}.Debug|x86.ActiveCfg = Debug|Any CPU
		{AC4EF672-6355-40C9-84EC-927144D61324}.Debug|x86.Build.0 = Debug|Any CPU
		{AC4EF672-6355-40C9-84EC-927144D61324}.Release|Any CPU.ActiveCfg = Release|Any CPU
		{AC4EF672-6355-40C9-84EC-927144D61324}.Release|Any CPU.Build.0 = Release|Any CPU
		{AC4EF672-6355-40C9-84EC-927144D61324}.Release|x86.ActiveCfg = Release|Any CPU
		{AC4EF672-6355-40C9-84EC-927144D61324}.Release|x86.Build.0 = Release|Any CPU
		{3A643056-8765-4E8A-9AC8-5734A016870F}.Debug|Any CPU.ActiveCfg = Debug|Any CPU
		{3A643056-8765-4E8A-9AC8-5734A016870F}.Debug|Any CPU.Build.0 = Debug|Any CPU
		{3A643056-8765-4E8A-9AC8-5734A016870F}.Debug|x86.ActiveCfg = Debug|Any CPU
		{3A643056-8765-4E8A-9AC8-5734A016870F}.Debug|x86.Build.0 = Debug|Any CPU
		{3A643056-8765-4E8A-9AC8-5734A016870F}.Release|Any CPU.ActiveCfg = Release|Any CPU
		{3A643056-8765-4E8A-9AC8-5734A016870F}.Release|Any CPU.Build.0 = Release|Any CPU
		{3A643056-8765-4E8A-9AC8-5734A016870F}.Release|x86.ActiveCfg = Release|Any CPU
		{3A643056-8765-4E8A-9AC8-5734A016870F}.Release|x86.Build.0 = Release|Any CPU
		{96D8A6C2-C50C-4961-9458-04EBED78CB69}.Debug|Any CPU.ActiveCfg = Debug|Any CPU
		{96D8A6C2-C50C-4961-9458-04EBED78CB69}.Debug|Any CPU.Build.0 = Debug|Any CPU
		{96D8A6C2-C50C-4961-9458-04EBED78CB69}.Debug|x86.ActiveCfg = Debug|Any CPU
		{96D8A6C2-C50C-4961-9458-04EBED78CB69}.Debug|x86.Build.0 = Debug|Any CPU
		{96D8A6C2-C50C-4961-9458-04EBED78CB69}.Release|Any CPU.ActiveCfg = Release|Any CPU
		{96D8A6C2-C50C-4961-9458-04EBED78CB69}.Release|Any CPU.Build.0 = Release|Any CPU
		{96D8A6C2-C50C-4961-9458-04EBED78CB69}.Release|x86.ActiveCfg = Release|Any CPU
		{96D8A6C2-C50C-4961-9458-04EBED78CB69}.Release|x86.Build.0 = Release|Any CPU
		{AC63C144-70F3-44FF-9650-B530654F7B8A}.Debug|Any CPU.ActiveCfg = Debug|Any CPU
		{AC63C144-70F3-44FF-9650-B530654F7B8A}.Debug|Any CPU.Build.0 = Debug|Any CPU
		{AC63C144-70F3-44FF-9650-B530654F7B8A}.Debug|x86.ActiveCfg = Debug|Any CPU
		{AC63C144-70F3-44FF-9650-B530654F7B8A}.Debug|x86.Build.0 = Debug|Any CPU
		{AC63C144-70F3-44FF-9650-B530654F7B8A}.Release|Any CPU.ActiveCfg = Release|Any CPU
		{AC63C144-70F3-44FF-9650-B530654F7B8A}.Release|Any CPU.Build.0 = Release|Any CPU
		{AC63C144-70F3-44FF-9650-B530654F7B8A}.Release|x86.ActiveCfg = Release|Any CPU
		{AC63C144-70F3-44FF-9650-B530654F7B8A}.Release|x86.Build.0 = Release|Any CPU
		{D6F61554-7F08-486F-80CC-2015D0B40610}.Debug|Any CPU.ActiveCfg = Debug|Any CPU
		{D6F61554-7F08-486F-80CC-2015D0B40610}.Debug|Any CPU.Build.0 = Debug|Any CPU
		{D6F61554-7F08-486F-80CC-2015D0B40610}.Debug|x86.ActiveCfg = Debug|Any CPU
		{D6F61554-7F08-486F-80CC-2015D0B40610}.Debug|x86.Build.0 = Debug|Any CPU
		{D6F61554-7F08-486F-80CC-2015D0B40610}.Release|Any CPU.ActiveCfg = Release|Any CPU
		{D6F61554-7F08-486F-80CC-2015D0B40610}.Release|Any CPU.Build.0 = Release|Any CPU
		{D6F61554-7F08-486F-80CC-2015D0B40610}.Release|x86.ActiveCfg = Release|Any CPU
		{D6F61554-7F08-486F-80CC-2015D0B40610}.Release|x86.Build.0 = Release|Any CPU
		{3CB60C8B-FF67-4735-8B7F-70D698117DD2}.Debug|Any CPU.ActiveCfg = Debug|Any CPU
		{3CB60C8B-FF67-4735-8B7F-70D698117DD2}.Debug|Any CPU.Build.0 = Debug|Any CPU
		{3CB60C8B-FF67-4735-8B7F-70D698117DD2}.Debug|x86.ActiveCfg = Debug|Any CPU
		{3CB60C8B-FF67-4735-8B7F-70D698117DD2}.Debug|x86.Build.0 = Debug|Any CPU
		{3CB60C8B-FF67-4735-8B7F-70D698117DD2}.Release|Any CPU.ActiveCfg = Release|Any CPU
		{3CB60C8B-FF67-4735-8B7F-70D698117DD2}.Release|Any CPU.Build.0 = Release|Any CPU
		{3CB60C8B-FF67-4735-8B7F-70D698117DD2}.Release|x86.ActiveCfg = Release|Any CPU
		{3CB60C8B-FF67-4735-8B7F-70D698117DD2}.Release|x86.Build.0 = Release|Any CPU
		{11D6665F-FC34-4934-8F05-7355404C1BFA}.Debug|Any CPU.ActiveCfg = Debug|Any CPU
		{11D6665F-FC34-4934-8F05-7355404C1BFA}.Debug|Any CPU.Build.0 = Debug|Any CPU
		{11D6665F-FC34-4934-8F05-7355404C1BFA}.Debug|x86.ActiveCfg = Debug|Any CPU
		{11D6665F-FC34-4934-8F05-7355404C1BFA}.Debug|x86.Build.0 = Debug|Any CPU
		{11D6665F-FC34-4934-8F05-7355404C1BFA}.Release|Any CPU.ActiveCfg = Release|Any CPU
		{11D6665F-FC34-4934-8F05-7355404C1BFA}.Release|Any CPU.Build.0 = Release|Any CPU
		{11D6665F-FC34-4934-8F05-7355404C1BFA}.Release|x86.ActiveCfg = Release|Any CPU
		{11D6665F-FC34-4934-8F05-7355404C1BFA}.Release|x86.Build.0 = Release|Any CPU
	EndGlobalSection
	GlobalSection(SolutionProperties) = preSolution
		HideSolutionNode = FALSE
	EndGlobalSection
EndGlobal
